// !$*UTF8*$!
{
	archiveVersion = 1;
	classes = {
	};
	objectVersion = 50;
	objects = {

/* Begin PBXBuildFile section */
		8E9146F52123C902002B14A0 /* AppDelegate.swift in Sources */ = {isa = PBXBuildFile; fileRef = 8E9146F42123C902002B14A0 /* AppDelegate.swift */; };
		8E9146F72123C902002B14A0 /* ViewController.swift in Sources */ = {isa = PBXBuildFile; fileRef = 8E9146F62123C902002B14A0 /* ViewController.swift */; };
		8E9146FA2123C902002B14A0 /* Main.storyboard in Resources */ = {isa = PBXBuildFile; fileRef = 8E9146F82123C902002B14A0 /* Main.storyboard */; };
		8E9146FC2123C903002B14A0 /* Assets.xcassets in Resources */ = {isa = PBXBuildFile; fileRef = 8E9146FB2123C903002B14A0 /* Assets.xcassets */; };
		8E9146FF2123C903002B14A0 /* LaunchScreen.storyboard in Resources */ = {isa = PBXBuildFile; fileRef = 8E9146FD2123C903002B14A0 /* LaunchScreen.storyboard */; };
		8E91470A2123C903002B14A0 /* ExampleTests.swift in Sources */ = {isa = PBXBuildFile; fileRef = 8E9147092123C903002B14A0 /* ExampleTests.swift */; };
		8E9147152123C903002B14A0 /* ExampleUITests.swift in Sources */ = {isa = PBXBuildFile; fileRef = 8E9147142123C903002B14A0 /* ExampleUITests.swift */; };
		8EB33FCF21257D73005AAC9D /* UIResponder+ALOFirstResponder.swift in Sources */ = {isa = PBXBuildFile; fileRef = 8EB33FCD21257D73005AAC9D /* UIResponder+ALOFirstResponder.swift */; };
		8EB33FD021257D73005AAC9D /* UIScrollView+ALOKeyboardAware.swift in Sources */ = {isa = PBXBuildFile; fileRef = 8EB33FCE21257D73005AAC9D /* UIScrollView+ALOKeyboardAware.swift */; };
/* End PBXBuildFile section */

/* Begin PBXContainerItemProxy section */
		8E9147062123C903002B14A0 /* PBXContainerItemProxy */ = {
			isa = PBXContainerItemProxy;
			containerPortal = 8E9146E92123C902002B14A0 /* Project object */;
			proxyType = 1;
			remoteGlobalIDString = 8E9146F02123C902002B14A0;
			remoteInfo = Example;
		};
		8E9147112123C903002B14A0 /* PBXContainerItemProxy */ = {
			isa = PBXContainerItemProxy;
			containerPortal = 8E9146E92123C902002B14A0 /* Project object */;
			proxyType = 1;
			remoteGlobalIDString = 8E9146F02123C902002B14A0;
			remoteInfo = Example;
		};
/* End PBXContainerItemProxy section */

/* Begin PBXFileReference section */
		8E9146F12123C902002B14A0 /* Example.app */ = {isa = PBXFileReference; explicitFileType = wrapper.application; includeInIndex = 0; path = Example.app; sourceTree = BUILT_PRODUCTS_DIR; };
		8E9146F42123C902002B14A0 /* AppDelegate.swift */ = {isa = PBXFileReference; lastKnownFileType = sourcecode.swift; path = AppDelegate.swift; sourceTree = "<group>"; };
		8E9146F62123C902002B14A0 /* ViewController.swift */ = {isa = PBXFileReference; lastKnownFileType = sourcecode.swift; path = ViewController.swift; sourceTree = "<group>"; };
		8E9146F92123C902002B14A0 /* Base */ = {isa = PBXFileReference; lastKnownFileType = file.storyboard; name = Base; path = Base.lproj/Main.storyboard; sourceTree = "<group>"; };
		8E9146FB2123C903002B14A0 /* Assets.xcassets */ = {isa = PBXFileReference; lastKnownFileType = folder.assetcatalog; path = Assets.xcassets; sourceTree = "<group>"; };
		8E9146FE2123C903002B14A0 /* Base */ = {isa = PBXFileReference; lastKnownFileType = file.storyboard; name = Base; path = Base.lproj/LaunchScreen.storyboard; sourceTree = "<group>"; };
		8E9147002123C903002B14A0 /* Info.plist */ = {isa = PBXFileReference; lastKnownFileType = text.plist.xml; path = Info.plist; sourceTree = "<group>"; };
		8E9147052123C903002B14A0 /* ExampleTests.xctest */ = {isa = PBXFileReference; explicitFileType = wrapper.cfbundle; includeInIndex = 0; path = ExampleTests.xctest; sourceTree = BUILT_PRODUCTS_DIR; };
		8E9147092123C903002B14A0 /* ExampleTests.swift */ = {isa = PBXFileReference; lastKnownFileType = sourcecode.swift; path = ExampleTests.swift; sourceTree = "<group>"; };
		8E91470B2123C903002B14A0 /* Info.plist */ = {isa = PBXFileReference; lastKnownFileType = text.plist.xml; path = Info.plist; sourceTree = "<group>"; };
		8E9147102123C903002B14A0 /* ExampleUITests.xctest */ = {isa = PBXFileReference; explicitFileType = wrapper.cfbundle; includeInIndex = 0; path = ExampleUITests.xctest; sourceTree = BUILT_PRODUCTS_DIR; };
		8E9147142123C903002B14A0 /* ExampleUITests.swift */ = {isa = PBXFileReference; lastKnownFileType = sourcecode.swift; path = ExampleUITests.swift; sourceTree = "<group>"; };
		8E9147162123C903002B14A0 /* Info.plist */ = {isa = PBXFileReference; lastKnownFileType = text.plist.xml; path = Info.plist; sourceTree = "<group>"; };
		8EB33FCD21257D73005AAC9D /* UIResponder+ALOFirstResponder.swift */ = {isa = PBXFileReference; fileEncoding = 4; lastKnownFileType = sourcecode.swift; name = "UIResponder+ALOFirstResponder.swift"; path = "../../UIResponder+ALOFirstResponder.swift"; sourceTree = "<group>"; };
		8EB33FCE21257D73005AAC9D /* UIScrollView+ALOKeyboardAware.swift */ = {isa = PBXFileReference; fileEncoding = 4; lastKnownFileType = sourcecode.swift; name = "UIScrollView+ALOKeyboardAware.swift"; path = "../../UIScrollView+ALOKeyboardAware.swift"; sourceTree = "<group>"; };
/* End PBXFileReference section */

/* Begin PBXFrameworksBuildPhase section */
		8E9146EE2123C902002B14A0 /* Frameworks */ = {
			isa = PBXFrameworksBuildPhase;
			buildActionMask = 2147483647;
			files = (
			);
			runOnlyForDeploymentPostprocessing = 0;
		};
		8E9147022123C903002B14A0 /* Frameworks */ = {
			isa = PBXFrameworksBuildPhase;
			buildActionMask = 2147483647;
			files = (
			);
			runOnlyForDeploymentPostprocessing = 0;
		};
		8E91470D2123C903002B14A0 /* Frameworks */ = {
			isa = PBXFrameworksBuildPhase;
			buildActionMask = 2147483647;
			files = (
			);
			runOnlyForDeploymentPostprocessing = 0;
		};
/* End PBXFrameworksBuildPhase section */

/* Begin PBXGroup section */
		8E9146E82123C902002B14A0 = {
			isa = PBXGroup;
			children = (
				8E9146F32123C902002B14A0 /* Example */,
				8E9147082123C903002B14A0 /* ExampleTests */,
				8E9147132123C903002B14A0 /* ExampleUITests */,
				8E9146F22123C902002B14A0 /* Products */,
			);
			sourceTree = "<group>";
		};
		8E9146F22123C902002B14A0 /* Products */ = {
			isa = PBXGroup;
			children = (
				8E9146F12123C902002B14A0 /* Example.app */,
				8E9147052123C903002B14A0 /* ExampleTests.xctest */,
				8E9147102123C903002B14A0 /* ExampleUITests.xctest */,
			);
			name = Products;
			sourceTree = "<group>";
		};
		8E9146F32123C902002B14A0 /* Example */ = {
			isa = PBXGroup;
			children = (
				8EB33FCD21257D73005AAC9D /* UIResponder+ALOFirstResponder.swift */,
				8EB33FCE21257D73005AAC9D /* UIScrollView+ALOKeyboardAware.swift */,
				8E9146F42123C902002B14A0 /* AppDelegate.swift */,
				8E9146F62123C902002B14A0 /* ViewController.swift */,
				8E9146F82123C902002B14A0 /* Main.storyboard */,
				8E9146FB2123C903002B14A0 /* Assets.xcassets */,
				8E9146FD2123C903002B14A0 /* LaunchScreen.storyboard */,
				8E9147002123C903002B14A0 /* Info.plist */,
			);
			path = Example;
			sourceTree = "<group>";
		};
		8E9147082123C903002B14A0 /* ExampleTests */ = {
			isa = PBXGroup;
			children = (
				8E9147092123C903002B14A0 /* ExampleTests.swift */,
				8E91470B2123C903002B14A0 /* Info.plist */,
			);
			path = ExampleTests;
			sourceTree = "<group>";
		};
		8E9147132123C903002B14A0 /* ExampleUITests */ = {
			isa = PBXGroup;
			children = (
				8E9147142123C903002B14A0 /* ExampleUITests.swift */,
				8E9147162123C903002B14A0 /* Info.plist */,
			);
			path = ExampleUITests;
			sourceTree = "<group>";
		};
/* End PBXGroup section */

/* Begin PBXNativeTarget section */
		8E9146F02123C902002B14A0 /* Example */ = {
			isa = PBXNativeTarget;
			buildConfigurationList = 8E9147192123C903002B14A0 /* Build configuration list for PBXNativeTarget "Example" */;
			buildPhases = (
				8E9146ED2123C902002B14A0 /* Sources */,
				8E9146EE2123C902002B14A0 /* Frameworks */,
				8E9146EF2123C902002B14A0 /* Resources */,
			);
			buildRules = (
			);
			dependencies = (
			);
			name = Example;
			productName = Example;
			productReference = 8E9146F12123C902002B14A0 /* Example.app */;
			productType = "com.apple.product-type.application";
		};
		8E9147042123C903002B14A0 /* ExampleTests */ = {
			isa = PBXNativeTarget;
			buildConfigurationList = 8E91471C2123C903002B14A0 /* Build configuration list for PBXNativeTarget "ExampleTests" */;
			buildPhases = (
				8E9147012123C903002B14A0 /* Sources */,
				8E9147022123C903002B14A0 /* Frameworks */,
				8E9147032123C903002B14A0 /* Resources */,
			);
			buildRules = (
			);
			dependencies = (
				8E9147072123C903002B14A0 /* PBXTargetDependency */,
			);
			name = ExampleTests;
			productName = ExampleTests;
			productReference = 8E9147052123C903002B14A0 /* ExampleTests.xctest */;
			productType = "com.apple.product-type.bundle.unit-test";
		};
		8E91470F2123C903002B14A0 /* ExampleUITests */ = {
			isa = PBXNativeTarget;
			buildConfigurationList = 8E91471F2123C903002B14A0 /* Build configuration list for PBXNativeTarget "ExampleUITests" */;
			buildPhases = (
				8E91470C2123C903002B14A0 /* Sources */,
				8E91470D2123C903002B14A0 /* Frameworks */,
				8E91470E2123C903002B14A0 /* Resources */,
			);
			buildRules = (
			);
			dependencies = (
				8E9147122123C903002B14A0 /* PBXTargetDependency */,
			);
			name = ExampleUITests;
			productName = ExampleUITests;
			productReference = 8E9147102123C903002B14A0 /* ExampleUITests.xctest */;
			productType = "com.apple.product-type.bundle.ui-testing";
		};
/* End PBXNativeTarget section */

/* Begin PBXProject section */
		8E9146E92123C902002B14A0 /* Project object */ = {
			isa = PBXProject;
			attributes = {
				LastSwiftUpdateCheck = 0940;
				LastUpgradeCheck = 0940;
				ORGANIZATIONNAME = Andrew.Leo;
				TargetAttributes = {
					8E9146F02123C902002B14A0 = {
						CreatedOnToolsVersion = 9.4.1;
					};
					8E9147042123C903002B14A0 = {
						CreatedOnToolsVersion = 9.4.1;
						TestTargetID = 8E9146F02123C902002B14A0;
					};
					8E91470F2123C903002B14A0 = {
						CreatedOnToolsVersion = 9.4.1;
						TestTargetID = 8E9146F02123C902002B14A0;
					};
				};
			};
			buildConfigurationList = 8E9146EC2123C902002B14A0 /* Build configuration list for PBXProject "Example" */;
			compatibilityVersion = "Xcode 9.3";
			developmentRegion = en;
			hasScannedForEncodings = 0;
			knownRegions = (
				en,
				Base,
			);
			mainGroup = 8E9146E82123C902002B14A0;
			productRefGroup = 8E9146F22123C902002B14A0 /* Products */;
			projectDirPath = "";
			projectRoot = "";
			targets = (
				8E9146F02123C902002B14A0 /* Example */,
				8E9147042123C903002B14A0 /* ExampleTests */,
				8E91470F2123C903002B14A0 /* ExampleUITests */,
			);
		};
/* End PBXProject section */

/* Begin PBXResourcesBuildPhase section */
		8E9146EF2123C902002B14A0 /* Resources */ = {
			isa = PBXResourcesBuildPhase;
			buildActionMask = 2147483647;
			files = (
				8E9146FF2123C903002B14A0 /* LaunchScreen.storyboard in Resources */,
				8E9146FC2123C903002B14A0 /* Assets.xcassets in Resources */,
				8E9146FA2123C902002B14A0 /* Main.storyboard in Resources */,
			);
			runOnlyForDeploymentPostprocessing = 0;
		};
		8E9147032123C903002B14A0 /* Resources */ = {
			isa = PBXResourcesBuildPhase;
			buildActionMask = 2147483647;
			files = (
			);
			runOnlyForDeploymentPostprocessing = 0;
		};
		8E91470E2123C903002B14A0 /* Resources */ = {
			isa = PBXResourcesBuildPhase;
			buildActionMask = 2147483647;
			files = (
			);
			runOnlyForDeploymentPostprocessing = 0;
		};
/* End PBXResourcesBuildPhase section */

/* Begin PBXSourcesBuildPhase section */
		8E9146ED2123C902002B14A0 /* Sources */ = {
			isa = PBXSourcesBuildPhase;
			buildActionMask = 2147483647;
			files = (
				8E9146F72123C902002B14A0 /* ViewController.swift in Sources */,
				8EB33FCF21257D73005AAC9D /* UIResponder+ALOFirstResponder.swift in Sources */,
				8EB33FD021257D73005AAC9D /* UIScrollView+ALOKeyboardAware.swift in Sources */,
				8E9146F52123C902002B14A0 /* AppDelegate.swift in Sources */,
			);
			runOnlyForDeploymentPostprocessing = 0;
		};
		8E9147012123C903002B14A0 /* Sources */ = {
			isa = PBXSourcesBuildPhase;
			buildActionMask = 2147483647;
			files = (
				8E91470A2123C903002B14A0 /* ExampleTests.swift in Sources */,
			);
			runOnlyForDeploymentPostprocessing = 0;
		};
		8E91470C2123C903002B14A0 /* Sources */ = {
			isa = PBXSourcesBuildPhase;
			buildActionMask = 2147483647;
			files = (
				8E9147152123C903002B14A0 /* ExampleUITests.swift in Sources */,
			);
			runOnlyForDeploymentPostprocessing = 0;
		};
/* End PBXSourcesBuildPhase section */

/* Begin PBXTargetDependency section */
		8E9147072123C903002B14A0 /* PBXTargetDependency */ = {
			isa = PBXTargetDependency;
			target = 8E9146F02123C902002B14A0 /* Example */;
			targetProxy = 8E9147062123C903002B14A0 /* PBXContainerItemProxy */;
		};
		8E9147122123C903002B14A0 /* PBXTargetDependency */ = {
			isa = PBXTargetDependency;
			target = 8E9146F02123C902002B14A0 /* Example */;
			targetProxy = 8E9147112123C903002B14A0 /* PBXContainerItemProxy */;
		};
/* End PBXTargetDependency section */

/* Begin PBXVariantGroup section */
		8E9146F82123C902002B14A0 /* Main.storyboard */ = {
			isa = PBXVariantGroup;
			children = (
				8E9146F92123C902002B14A0 /* Base */,
			);
			name = Main.storyboard;
			sourceTree = "<group>";
		};
		8E9146FD2123C903002B14A0 /* LaunchScreen.storyboard */ = {
			isa = PBXVariantGroup;
			children = (
				8E9146FE2123C903002B14A0 /* Base */,
			);
			name = LaunchScreen.storyboard;
			sourceTree = "<group>";
		};
/* End PBXVariantGroup section */

/* Begin XCBuildConfiguration section */
		8E9147172123C903002B14A0 /* Debug */ = {
			isa = XCBuildConfiguration;
			buildSettings = {
				ALWAYS_SEARCH_USER_PATHS = NO;
				CLANG_ANALYZER_NONNULL = YES;
				CLANG_ANALYZER_NUMBER_OBJECT_CONVERSION = YES_AGGRESSIVE;
				CLANG_CXX_LANGUAGE_STANDARD = "gnu++14";
				CLANG_CXX_LIBRARY = "libc++";
				CLANG_ENABLE_MODULES = YES;
				CLANG_ENABLE_OBJC_ARC = YES;
				CLANG_ENABLE_OBJC_WEAK = YES;
				CLANG_WARN_BLOCK_CAPTURE_AUTORELEASING = YES;
				CLANG_WARN_BOOL_CONVERSION = YES;
				CLANG_WARN_COMMA = YES;
				CLANG_WARN_CONSTANT_CONVERSION = YES;
				CLANG_WARN_DEPRECATED_OBJC_IMPLEMENTATIONS = YES;
				CLANG_WARN_DIRECT_OBJC_ISA_USAGE = YES_ERROR;
				CLANG_WARN_DOCUMENTATION_COMMENTS = YES;
				CLANG_WARN_EMPTY_BODY = YES;
				CLANG_WARN_ENUM_CONVERSION = YES;
				CLANG_WARN_INFINITE_RECURSION = YES;
				CLANG_WARN_INT_CONVERSION = YES;
				CLANG_WARN_NON_LITERAL_NULL_CONVERSION = YES;
				CLANG_WARN_OBJC_IMPLICIT_RETAIN_SELF = YES;
				CLANG_WARN_OBJC_LITERAL_CONVERSION = YES;
				CLANG_WARN_OBJC_ROOT_CLASS = YES_ERROR;
				CLANG_WARN_RANGE_LOOP_ANALYSIS = YES;
				CLANG_WARN_STRICT_PROTOTYPES = YES;
				CLANG_WARN_SUSPICIOUS_MOVE = YES;
				CLANG_WARN_UNGUARDED_AVAILABILITY = YES_AGGRESSIVE;
				CLANG_WARN_UNREACHABLE_CODE = YES;
				CLANG_WARN__DUPLICATE_METHOD_MATCH = YES;
				CODE_SIGN_IDENTITY = "iPhone Developer";
				COPY_PHASE_STRIP = NO;
				DEBUG_INFORMATION_FORMAT = dwarf;
				ENABLE_STRICT_OBJC_MSGSEND = YES;
				ENABLE_TESTABILITY = YES;
				GCC_C_LANGUAGE_STANDARD = gnu11;
				GCC_DYNAMIC_NO_PIC = NO;
				GCC_NO_COMMON_BLOCKS = YES;
				GCC_OPTIMIZATION_LEVEL = 0;
				GCC_PREPROCESSOR_DEFINITIONS = (
					"DEBUG=1",
					"$(inherited)",
				);
				GCC_WARN_64_TO_32_BIT_CONVERSION = YES;
				GCC_WARN_ABOUT_RETURN_TYPE = YES_ERROR;
				GCC_WARN_UNDECLARED_SELECTOR = YES;
				GCC_WARN_UNINITIALIZED_AUTOS = YES_AGGRESSIVE;
				GCC_WARN_UNUSED_FUNCTION = YES;
				GCC_WARN_UNUSED_VARIABLE = YES;
				IPHONEOS_DEPLOYMENT_TARGET = 11.4;
				MTL_ENABLE_DEBUG_INFO = YES;
				ONLY_ACTIVE_ARCH = YES;
				SDKROOT = iphoneos;
				SWIFT_ACTIVE_COMPILATION_CONDITIONS = DEBUG;
				SWIFT_OPTIMIZATION_LEVEL = "-Onone";
			};
			name = Debug;
		};
		8E9147182123C903002B14A0 /* Release */ = {
			isa = XCBuildConfiguration;
			buildSettings = {
				ALWAYS_SEARCH_USER_PATHS = NO;
				CLANG_ANALYZER_NONNULL = YES;
				CLANG_ANALYZER_NUMBER_OBJECT_CONVERSION = YES_AGGRESSIVE;
				CLANG_CXX_LANGUAGE_STANDARD = "gnu++14";
				CLANG_CXX_LIBRARY = "libc++";
				CLANG_ENABLE_MODULES = YES;
				CLANG_ENABLE_OBJC_ARC = YES;
				CLANG_ENABLE_OBJC_WEAK = YES;
				CLANG_WARN_BLOCK_CAPTURE_AUTORELEASING = YES;
				CLANG_WARN_BOOL_CONVERSION = YES;
				CLANG_WARN_COMMA = YES;
				CLANG_WARN_CONSTANT_CONVERSION = YES;
				CLANG_WARN_DEPRECATED_OBJC_IMPLEMENTATIONS = YES;
				CLANG_WARN_DIRECT_OBJC_ISA_USAGE = YES_ERROR;
				CLANG_WARN_DOCUMENTATION_COMMENTS = YES;
				CLANG_WARN_EMPTY_BODY = YES;
				CLANG_WARN_ENUM_CONVERSION = YES;
				CLANG_WARN_INFINITE_RECURSION = YES;
				CLANG_WARN_INT_CONVERSION = YES;
				CLANG_WARN_NON_LITERAL_NULL_CONVERSION = YES;
				CLANG_WARN_OBJC_IMPLICIT_RETAIN_SELF = YES;
				CLANG_WARN_OBJC_LITERAL_CONVERSION = YES;
				CLANG_WARN_OBJC_ROOT_CLASS = YES_ERROR;
				CLANG_WARN_RANGE_LOOP_ANALYSIS = YES;
				CLANG_WARN_STRICT_PROTOTYPES = YES;
				CLANG_WARN_SUSPICIOUS_MOVE = YES;
				CLANG_WARN_UNGUARDED_AVAILABILITY = YES_AGGRESSIVE;
				CLANG_WARN_UNREACHABLE_CODE = YES;
				CLANG_WARN__DUPLICATE_METHOD_MATCH = YES;
				CODE_SIGN_IDENTITY = "iPhone Developer";
				COPY_PHASE_STRIP = NO;
				DEBUG_INFORMATION_FORMAT = "dwarf-with-dsym";
				ENABLE_NS_ASSERTIONS = NO;
				ENABLE_STRICT_OBJC_MSGSEND = YES;
				GCC_C_LANGUAGE_STANDARD = gnu11;
				GCC_NO_COMMON_BLOCKS = YES;
				GCC_WARN_64_TO_32_BIT_CONVERSION = YES;
				GCC_WARN_ABOUT_RETURN_TYPE = YES_ERROR;
				GCC_WARN_UNDECLARED_SELECTOR = YES;
				GCC_WARN_UNINITIALIZED_AUTOS = YES_AGGRESSIVE;
				GCC_WARN_UNUSED_FUNCTION = YES;
				GCC_WARN_UNUSED_VARIABLE = YES;
				IPHONEOS_DEPLOYMENT_TARGET = 11.4;
				MTL_ENABLE_DEBUG_INFO = NO;
				SDKROOT = iphoneos;
				SWIFT_COMPILATION_MODE = wholemodule;
				SWIFT_OPTIMIZATION_LEVEL = "-O";
				VALIDATE_PRODUCT = YES;
			};
			name = Release;
		};
		8E91471A2123C903002B14A0 /* Debug */ = {
			isa = XCBuildConfiguration;
			buildSettings = {
				ASSETCATALOG_COMPILER_APPICON_NAME = AppIcon;
				CODE_SIGN_STYLE = Automatic;
				DEVELOPMENT_TEAM = PBLD589CG7;
				INFOPLIST_FILE = Example/Info.plist;
				LD_RUNPATH_SEARCH_PATHS = (
					"$(inherited)",
					"@executable_path/Frameworks",
				);
				PRODUCT_BUNDLE_IDENTIFIER = com.andrew.Example;
				PRODUCT_NAME = "$(TARGET_NAME)";
				SWIFT_VERSION = 4.0;
				TARGETED_DEVICE_FAMILY = "1,2";
			};
			name = Debug;
		};
		8E91471B2123C903002B14A0 /* Release */ = {
			isa = XCBuildConfiguration;
			buildSettings = {
				ASSETCATALOG_COMPILER_APPICON_NAME = AppIcon;
				CODE_SIGN_STYLE = Automatic;
				DEVELOPMENT_TEAM = PBLD589CG7;
				INFOPLIST_FILE = Example/Info.plist;
				LD_RUNPATH_SEARCH_PATHS = (
					"$(inherited)",
					"@executable_path/Frameworks",
				);
				PRODUCT_BUNDLE_IDENTIFIER = com.andrew.Example;
				PRODUCT_NAME = "$(TARGET_NAME)";
				SWIFT_VERSION = 4.0;
				TARGETED_DEVICE_FAMILY = "1,2";
			};
			name = Release;
		};
		8E91471D2123C903002B14A0 /* Debug */ = {
			isa = XCBuildConfiguration;
			buildSettings = {
				ALWAYS_EMBED_SWIFT_STANDARD_LIBRARIES = YES;
				BUNDLE_LOADER = "$(TEST_HOST)";
				CODE_SIGN_STYLE = Automatic;
				DEVELOPMENT_TEAM = PBLD589CG7;
				INFOPLIST_FILE = ExampleTests/Info.plist;
				LD_RUNPATH_SEARCH_PATHS = (
					"$(inherited)",
					"@executable_path/Frameworks",
					"@loader_path/Frameworks",
				);
				PRODUCT_BUNDLE_IDENTIFIER = com.andrew.ExampleTests;
				PRODUCT_NAME = "$(TARGET_NAME)";
				SWIFT_VERSION = 4.0;
				TARGETED_DEVICE_FAMILY = "1,2";
				TEST_HOST = "$(BUILT_PRODUCTS_DIR)/Example.app/Example";
			};
			name = Debug;
		};
		8E91471E2123C903002B14A0 /* Release */ = {
			isa = XCBuildConfiguration;
			buildSettings = {
				ALWAYS_EMBED_SWIFT_STANDARD_LIBRARIES = YES;
				BUNDLE_LOADER = "$(TEST_HOST)";
				CODE_SIGN_STYLE = Automatic;
				DEVELOPMENT_TEAM = PBLD589CG7;
				INFOPLIST_FILE = ExampleTests/Info.plist;
				LD_RUNPATH_SEARCH_PATHS = (
					"$(inherited)",
					"@executable_path/Frameworks",
					"@loader_path/Frameworks",
				);
				PRODUCT_BUNDLE_IDENTIFIER = com.andrew.ExampleTests;
				PRODUCT_NAME = "$(TARGET_NAME)";
				SWIFT_VERSION = 4.0;
				TARGETED_DEVICE_FAMILY = "1,2";
				TEST_HOST = "$(BUILT_PRODUCTS_DIR)/Example.app/Example";
			};
			name = Release;
		};
		8E9147202123C903002B14A0 /* Debug */ = {
			isa = XCBuildConfiguration;
			buildSettings = {
				ALWAYS_EMBED_SWIFT_STANDARD_LIBRARIES = YES;
				CODE_SIGN_STYLE = Automatic;
				DEVELOPMENT_TEAM = PBLD589CG7;
				INFOPLIST_FILE = ExampleUITests/Info.plist;
				LD_RUNPATH_SEARCH_PATHS = (
					"$(inherited)",
					"@executable_path/Frameworks",
					"@loader_path/Frameworks",
				);
				PRODUCT_BUNDLE_IDENTIFIER = com.andrew.ExampleUITests;
				PRODUCT_NAME = "$(TARGET_NAME)";
				SWIFT_VERSION = 4.0;
				TARGETED_DEVICE_FAMILY = "1,2";
				TEST_TARGET_NAME = Example;
			};
			name = Debug;
		};
		8E9147212123C903002B14A0 /* Release */ = {
			isa = XCBuildConfiguration;
			buildSettings = {
				ALWAYS_EMBED_SWIFT_STANDARD_LIBRARIES = YES;
				CODE_SIGN_STYLE = Automatic;
				DEVELOPMENT_TEAM = PBLD589CG7;
				INFOPLIST_FILE = ExampleUITests/Info.plist;
				LD_RUNPATH_SEARCH_PATHS = (
					"$(inherited)",
					"@executable_path/Frameworks",
					"@loader_path/Frameworks",
				);
				PRODUCT_BUNDLE_IDENTIFIER = com.andrew.ExampleUITests;
				PRODUCT_NAME = "$(TARGET_NAME)";
				SWIFT_VERSION = 4.0;
				TARGETED_DEVICE_FAMILY = "1,2";
				TEST_TARGET_NAME = Example;
			};
			name = Release;
		};
/* End XCBuildConfiguration section */

/* Begin XCConfigurationList section */
		8E9146EC2123C902002B14A0 /* Build configuration list for PBXProject "Example" */ = {
			isa = XCConfigurationList;
			buildConfigurations = (
				8E9147172123C903002B14A0 /* Debug */,
				8E9147182123C903002B14A0 /* Release */,
			);
			defaultConfigurationIsVisible = 0;
			defaultConfigurationName = Release;
		};
		8E9147192123C903002B14A0 /* Build configuration list for PBXNativeTarget "Example" */ = {
			isa = XCConfigurationList;
			buildConfigurations = (
				8E91471A2123C903002B14A0 /* Debug */,
				8E91471B2123C903002B14A0 /* Release */,
			);
			defaultConfigurationIsVisible = 0;
			defaultConfigurationName = Release;
		};
		8E91471C2123C903002B14A0 /* Build configuration list for PBXNativeTarget "ExampleTests" */ = {
			isa = XCConfigurationList;
			buildConfigurations = (
				8E91471D2123C903002B14A0 /* Debug */,
				8E91471E2123C903002B14A0 /* Release */,
			);
			defaultConfigurationIsVisible = 0;
			defaultConfigurationName = Release;
		};
		8E91471F2123C903002B14A0 /* Build configuration list for PBXNativeTarget "ExampleUITests" */ = {
			isa = XCConfigurationList;
			buildConfigurations = (
				8E9147202123C903002B14A0 /* Debug */,
				8E9147212123C903002B14A0 /* Release */,
			);
			defaultConfigurationIsVisible = 0;
			defaultConfigurationName = Release;
		};
/* End XCConfigurationList section */
	};
	rootObject = 8E9146E92123C902002B14A0 /* Project object */;
}
